
Microsoft Visual Studio Solution File, Format Version 12.00
# Visual Studio Version 17
VisualStudioVersion = 17.0.31825.309
MinimumVisualStudioVersion = 10.0.40219.1
Project("{8BC9CEB8-8B4A-11D0-8D11-00A0C91BC942}") = "iki sayi arasi asal sayi bulma", "iki sayi arasi asal sayi bulma\iki sayi arasi asal sayi bulma.vcxproj", "{074D7223-6950-4927-A824-3E6A79CA739C}"
EndProject
Global
	GlobalSection(SolutionConfigurationPlatforms) = preSolution
		Debug|x64 = Debug|x64
		Debug|x86 = Debug|x86
		Release|x64 = Release|x64
		Release|x86 = Release|x86
	EndGlobalSection
	GlobalSection(ProjectConfigurationPlatforms) = postSolution
		{074D7223-6950-4927-A824-3E6A79CA739C}.Debug|x64.ActiveCfg = Debug|x64
		{074D7223-6950-4927-A824-3E6A79CA739C}.Debug|x64.Build.0 = Debug|x64
		{074D7223-6950-4927-A824-3E6A79CA739C}.Debug|x86.ActiveCfg = Debug|Win32
		{074D7223-6950-4927-A824-3E6A79CA739C}.Debug|x86.Build.0 = Debug|Win32
		{074D7223-6950-4927-A824-3E6A79CA739C}.Release|x64.ActiveCfg = Release|x64
		{074D7223-6950-4927-A824-3E6A79CA739C}.Release|x64.Build.0 = Release|x64
		{074D7223-6950-4927-A824-3E6A79CA739C}.Release|x86.ActiveCfg = Release|Win32
		{074D7223-6950-4927-A824-3E6A79CA739C}.Release|x86.Build.0 = Release|Win32
	EndGlobalSection
	GlobalSection(SolutionProperties) = preSolution
		HideSolutionNode = FALSE
	EndGlobalSection
	GlobalSection(ExtensibilityGlobals) = postSolution
		SolutionGuid = {BEF7A36C-F675-4218-AD17-D8B20CA3ADBB}
	EndGlobalSection
EndGlobal
