
Microsoft Visual Studio Solution File, Format Version 12.00
# Visual Studio Version 17
VisualStudioVersion = 17.0.31825.309
MinimumVisualStudioVersion = 10.0.40219.1
Project("{8BC9CEB8-8B4A-11D0-8D11-00A0C91BC942}") = "sayı al ve sekil ciz3", "sayı al ve sekil ciz3\sayı al ve sekil ciz3.vcxproj", "{A4011246-1DA7-4F38-B853-68A6FE086A92}"
EndProject
Global
	GlobalSection(SolutionConfigurationPlatforms) = preSolution
		Debug|x64 = Debug|x64
		Debug|x86 = Debug|x86
		Release|x64 = Release|x64
		Release|x86 = Release|x86
	EndGlobalSection
	GlobalSection(ProjectConfigurationPlatforms) = postSolution
		{A4011246-1DA7-4F38-B853-68A6FE086A92}.Debug|x64.ActiveCfg = Debug|x64
		{A4011246-1DA7-4F38-B853-68A6FE086A92}.Debug|x64.Build.0 = Debug|x64
		{A4011246-1DA7-4F38-B853-68A6FE086A92}.Debug|x86.ActiveCfg = Debug|Win32
		{A4011246-1DA7-4F38-B853-68A6FE086A92}.Debug|x86.Build.0 = Debug|Win32
		{A4011246-1DA7-4F38-B853-68A6FE086A92}.Release|x64.ActiveCfg = Release|x64
		{A4011246-1DA7-4F38-B853-68A6FE086A92}.Release|x64.Build.0 = Release|x64
		{A4011246-1DA7-4F38-B853-68A6FE086A92}.Release|x86.ActiveCfg = Release|Win32
		{A4011246-1DA7-4F38-B853-68A6FE086A92}.Release|x86.Build.0 = Release|Win32
	EndGlobalSection
	GlobalSection(SolutionProperties) = preSolution
		HideSolutionNode = FALSE
	EndGlobalSection
	GlobalSection(ExtensibilityGlobals) = postSolution
		SolutionGuid = {E6782252-C4F0-4A2B-BECF-9CAFCB6FD909}
	EndGlobalSection
EndGlobal
