
Microsoft Visual Studio Solution File, Format Version 12.00
# Visual Studio Version 17
VisualStudioVersion = 17.0.31825.309
MinimumVisualStudioVersion = 10.0.40219.1
Project("{8BC9CEB8-8B4A-11D0-8D11-00A0C91BC942}") = "a dizisinin pozitif e.  b'ye negatif e. c'ye ata", "a dizisinin pozitif e.  b'ye negatif e. c'ye ata\a dizisinin pozitif e.  b'ye negatif e. c'ye ata.vcxproj", "{5E89955B-7E76-4A46-8284-2300D9934D33}"
EndProject
Global
	GlobalSection(SolutionConfigurationPlatforms) = preSolution
		Debug|x64 = Debug|x64
		Debug|x86 = Debug|x86
		Release|x64 = Release|x64
		Release|x86 = Release|x86
	EndGlobalSection
	GlobalSection(ProjectConfigurationPlatforms) = postSolution
		{5E89955B-7E76-4A46-8284-2300D9934D33}.Debug|x64.ActiveCfg = Debug|x64
		{5E89955B-7E76-4A46-8284-2300D9934D33}.Debug|x64.Build.0 = Debug|x64
		{5E89955B-7E76-4A46-8284-2300D9934D33}.Debug|x86.ActiveCfg = Debug|Win32
		{5E89955B-7E76-4A46-8284-2300D9934D33}.Debug|x86.Build.0 = Debug|Win32
		{5E89955B-7E76-4A46-8284-2300D9934D33}.Release|x64.ActiveCfg = Release|x64
		{5E89955B-7E76-4A46-8284-2300D9934D33}.Release|x64.Build.0 = Release|x64
		{5E89955B-7E76-4A46-8284-2300D9934D33}.Release|x86.ActiveCfg = Release|Win32
		{5E89955B-7E76-4A46-8284-2300D9934D33}.Release|x86.Build.0 = Release|Win32
	EndGlobalSection
	GlobalSection(SolutionProperties) = preSolution
		HideSolutionNode = FALSE
	EndGlobalSection
	GlobalSection(ExtensibilityGlobals) = postSolution
		SolutionGuid = {DE287532-12CD-4923-AC32-1FB3959F313A}
	EndGlobalSection
EndGlobal
