
Microsoft Visual Studio Solution File, Format Version 12.00
# Visual Studio Version 17
VisualStudioVersion = 17.0.31825.309
MinimumVisualStudioVersion = 10.0.40219.1
Project("{8BC9CEB8-8B4A-11D0-8D11-00A0C91BC942}") = "ikili tabandan onluk tabana cevirme", "ikili tabandan onluk tabana cevirme\ikili tabandan onluk tabana cevirme.vcxproj", "{B7A5E90F-6F13-4C90-A17E-EFF04402E066}"
EndProject
Global
	GlobalSection(SolutionConfigurationPlatforms) = preSolution
		Debug|x64 = Debug|x64
		Debug|x86 = Debug|x86
		Release|x64 = Release|x64
		Release|x86 = Release|x86
	EndGlobalSection
	GlobalSection(ProjectConfigurationPlatforms) = postSolution
		{B7A5E90F-6F13-4C90-A17E-EFF04402E066}.Debug|x64.ActiveCfg = Debug|x64
		{B7A5E90F-6F13-4C90-A17E-EFF04402E066}.Debug|x64.Build.0 = Debug|x64
		{B7A5E90F-6F13-4C90-A17E-EFF04402E066}.Debug|x86.ActiveCfg = Debug|Win32
		{B7A5E90F-6F13-4C90-A17E-EFF04402E066}.Debug|x86.Build.0 = Debug|Win32
		{B7A5E90F-6F13-4C90-A17E-EFF04402E066}.Release|x64.ActiveCfg = Release|x64
		{B7A5E90F-6F13-4C90-A17E-EFF04402E066}.Release|x64.Build.0 = Release|x64
		{B7A5E90F-6F13-4C90-A17E-EFF04402E066}.Release|x86.ActiveCfg = Release|Win32
		{B7A5E90F-6F13-4C90-A17E-EFF04402E066}.Release|x86.Build.0 = Release|Win32
	EndGlobalSection
	GlobalSection(SolutionProperties) = preSolution
		HideSolutionNode = FALSE
	EndGlobalSection
	GlobalSection(ExtensibilityGlobals) = postSolution
		SolutionGuid = {2AD3FC40-3D30-48C9-85B7-0427AB3691BB}
	EndGlobalSection
EndGlobal
