
Microsoft Visual Studio Solution File, Format Version 12.00
# Visual Studio Version 17
VisualStudioVersion = 17.0.31825.309
MinimumVisualStudioVersion = 10.0.40219.1
Project("{8BC9CEB8-8B4A-11D0-8D11-00A0C91BC942}") = "a dizisinin max ve min bul hangi inexinde oldugunu bul", "a dizisinin max ve min bul hangi inexinde oldugunu bul\a dizisinin max ve min bul hangi inexinde oldugunu bul.vcxproj", "{E218262D-D6E3-45A0-90D8-0CA068684D2B}"
EndProject
Global
	GlobalSection(SolutionConfigurationPlatforms) = preSolution
		Debug|x64 = Debug|x64
		Debug|x86 = Debug|x86
		Release|x64 = Release|x64
		Release|x86 = Release|x86
	EndGlobalSection
	GlobalSection(ProjectConfigurationPlatforms) = postSolution
		{E218262D-D6E3-45A0-90D8-0CA068684D2B}.Debug|x64.ActiveCfg = Debug|x64
		{E218262D-D6E3-45A0-90D8-0CA068684D2B}.Debug|x64.Build.0 = Debug|x64
		{E218262D-D6E3-45A0-90D8-0CA068684D2B}.Debug|x86.ActiveCfg = Debug|Win32
		{E218262D-D6E3-45A0-90D8-0CA068684D2B}.Debug|x86.Build.0 = Debug|Win32
		{E218262D-D6E3-45A0-90D8-0CA068684D2B}.Release|x64.ActiveCfg = Release|x64
		{E218262D-D6E3-45A0-90D8-0CA068684D2B}.Release|x64.Build.0 = Release|x64
		{E218262D-D6E3-45A0-90D8-0CA068684D2B}.Release|x86.ActiveCfg = Release|Win32
		{E218262D-D6E3-45A0-90D8-0CA068684D2B}.Release|x86.Build.0 = Release|Win32
	EndGlobalSection
	GlobalSection(SolutionProperties) = preSolution
		HideSolutionNode = FALSE
	EndGlobalSection
	GlobalSection(ExtensibilityGlobals) = postSolution
		SolutionGuid = {2FE4C301-B53D-48E4-83BE-F8C65407CC20}
	EndGlobalSection
EndGlobal
