
Microsoft Visual Studio Solution File, Format Version 12.00
# Visual Studio Version 17
VisualStudioVersion = 17.0.31825.309
MinimumVisualStudioVersion = 10.0.40219.1
Project("{8BC9CEB8-8B4A-11D0-8D11-00A0C91BC942}") = "örnek stirng islemleri", "örnek stirng islemleri\örnek stirng islemleri.vcxproj", "{0762FAB8-5FBF-4839-969E-F68512DF2D9A}"
EndProject
Global
	GlobalSection(SolutionConfigurationPlatforms) = preSolution
		Debug|x64 = Debug|x64
		Debug|x86 = Debug|x86
		Release|x64 = Release|x64
		Release|x86 = Release|x86
	EndGlobalSection
	GlobalSection(ProjectConfigurationPlatforms) = postSolution
		{0762FAB8-5FBF-4839-969E-F68512DF2D9A}.Debug|x64.ActiveCfg = Debug|x64
		{0762FAB8-5FBF-4839-969E-F68512DF2D9A}.Debug|x64.Build.0 = Debug|x64
		{0762FAB8-5FBF-4839-969E-F68512DF2D9A}.Debug|x86.ActiveCfg = Debug|Win32
		{0762FAB8-5FBF-4839-969E-F68512DF2D9A}.Debug|x86.Build.0 = Debug|Win32
		{0762FAB8-5FBF-4839-969E-F68512DF2D9A}.Release|x64.ActiveCfg = Release|x64
		{0762FAB8-5FBF-4839-969E-F68512DF2D9A}.Release|x64.Build.0 = Release|x64
		{0762FAB8-5FBF-4839-969E-F68512DF2D9A}.Release|x86.ActiveCfg = Release|Win32
		{0762FAB8-5FBF-4839-969E-F68512DF2D9A}.Release|x86.Build.0 = Release|Win32
	EndGlobalSection
	GlobalSection(SolutionProperties) = preSolution
		HideSolutionNode = FALSE
	EndGlobalSection
	GlobalSection(ExtensibilityGlobals) = postSolution
		SolutionGuid = {17A1D9D4-87FC-427A-AB96-BF081EC876D9}
	EndGlobalSection
EndGlobal
