
Microsoft Visual Studio Solution File, Format Version 12.00
# Visual Studio Version 17
VisualStudioVersion = 17.0.31825.309
MinimumVisualStudioVersion = 10.0.40219.1
Project("{8BC9CEB8-8B4A-11D0-8D11-00A0C91BC942}") = "daire alani ve cevresini bul", "daire alani ve cevresini bul\daire alani ve cevresini bul.vcxproj", "{0ED59940-EBE2-45CC-8847-0260DE19980F}"
EndProject
Global
	GlobalSection(SolutionConfigurationPlatforms) = preSolution
		Debug|x64 = Debug|x64
		Debug|x86 = Debug|x86
		Release|x64 = Release|x64
		Release|x86 = Release|x86
	EndGlobalSection
	GlobalSection(ProjectConfigurationPlatforms) = postSolution
		{0ED59940-EBE2-45CC-8847-0260DE19980F}.Debug|x64.ActiveCfg = Debug|x64
		{0ED59940-EBE2-45CC-8847-0260DE19980F}.Debug|x64.Build.0 = Debug|x64
		{0ED59940-EBE2-45CC-8847-0260DE19980F}.Debug|x86.ActiveCfg = Debug|Win32
		{0ED59940-EBE2-45CC-8847-0260DE19980F}.Debug|x86.Build.0 = Debug|Win32
		{0ED59940-EBE2-45CC-8847-0260DE19980F}.Release|x64.ActiveCfg = Release|x64
		{0ED59940-EBE2-45CC-8847-0260DE19980F}.Release|x64.Build.0 = Release|x64
		{0ED59940-EBE2-45CC-8847-0260DE19980F}.Release|x86.ActiveCfg = Release|Win32
		{0ED59940-EBE2-45CC-8847-0260DE19980F}.Release|x86.Build.0 = Release|Win32
	EndGlobalSection
	GlobalSection(SolutionProperties) = preSolution
		HideSolutionNode = FALSE
	EndGlobalSection
	GlobalSection(ExtensibilityGlobals) = postSolution
		SolutionGuid = {95CE9F8C-B1BA-4148-B915-56B436A6D73F}
	EndGlobalSection
EndGlobal
