
Microsoft Visual Studio Solution File, Format Version 12.00
# Visual Studio Version 17
VisualStudioVersion = 17.0.31825.309
MinimumVisualStudioVersion = 10.0.40219.1
Project("{8BC9CEB8-8B4A-11D0-8D11-00A0C91BC942}") = "klavyeden girilen sayinin tam bolenleri", "klavyeden girilen sayinin tam bolenleri\klavyeden girilen sayinin tam bolenleri.vcxproj", "{A6DC22CC-9AB4-4142-9A63-FBD8C12C26A8}"
EndProject
Global
	GlobalSection(SolutionConfigurationPlatforms) = preSolution
		Debug|x64 = Debug|x64
		Debug|x86 = Debug|x86
		Release|x64 = Release|x64
		Release|x86 = Release|x86
	EndGlobalSection
	GlobalSection(ProjectConfigurationPlatforms) = postSolution
		{A6DC22CC-9AB4-4142-9A63-FBD8C12C26A8}.Debug|x64.ActiveCfg = Debug|x64
		{A6DC22CC-9AB4-4142-9A63-FBD8C12C26A8}.Debug|x64.Build.0 = Debug|x64
		{A6DC22CC-9AB4-4142-9A63-FBD8C12C26A8}.Debug|x86.ActiveCfg = Debug|Win32
		{A6DC22CC-9AB4-4142-9A63-FBD8C12C26A8}.Debug|x86.Build.0 = Debug|Win32
		{A6DC22CC-9AB4-4142-9A63-FBD8C12C26A8}.Release|x64.ActiveCfg = Release|x64
		{A6DC22CC-9AB4-4142-9A63-FBD8C12C26A8}.Release|x64.Build.0 = Release|x64
		{A6DC22CC-9AB4-4142-9A63-FBD8C12C26A8}.Release|x86.ActiveCfg = Release|Win32
		{A6DC22CC-9AB4-4142-9A63-FBD8C12C26A8}.Release|x86.Build.0 = Release|Win32
	EndGlobalSection
	GlobalSection(SolutionProperties) = preSolution
		HideSolutionNode = FALSE
	EndGlobalSection
	GlobalSection(ExtensibilityGlobals) = postSolution
		SolutionGuid = {E6A650DD-689B-4DD1-BA8E-3BD80C7781A8}
	EndGlobalSection
EndGlobal
