
Microsoft Visual Studio Solution File, Format Version 12.00
# Visual Studio Version 17
VisualStudioVersion = 17.0.31825.309
MinimumVisualStudioVersion = 10.0.40219.1
Project("{8BC9CEB8-8B4A-11D0-8D11-00A0C91BC942}") = "klavyeden girilen işlemi yapmak", "klavyeden girilen işlemi yapmak\klavyeden girilen işlemi yapmak.vcxproj", "{2109110A-2A41-4307-96A4-2F4ADD34792F}"
EndProject
Global
	GlobalSection(SolutionConfigurationPlatforms) = preSolution
		Debug|x64 = Debug|x64
		Debug|x86 = Debug|x86
		Release|x64 = Release|x64
		Release|x86 = Release|x86
	EndGlobalSection
	GlobalSection(ProjectConfigurationPlatforms) = postSolution
		{2109110A-2A41-4307-96A4-2F4ADD34792F}.Debug|x64.ActiveCfg = Debug|x64
		{2109110A-2A41-4307-96A4-2F4ADD34792F}.Debug|x64.Build.0 = Debug|x64
		{2109110A-2A41-4307-96A4-2F4ADD34792F}.Debug|x86.ActiveCfg = Debug|Win32
		{2109110A-2A41-4307-96A4-2F4ADD34792F}.Debug|x86.Build.0 = Debug|Win32
		{2109110A-2A41-4307-96A4-2F4ADD34792F}.Release|x64.ActiveCfg = Release|x64
		{2109110A-2A41-4307-96A4-2F4ADD34792F}.Release|x64.Build.0 = Release|x64
		{2109110A-2A41-4307-96A4-2F4ADD34792F}.Release|x86.ActiveCfg = Release|Win32
		{2109110A-2A41-4307-96A4-2F4ADD34792F}.Release|x86.Build.0 = Release|Win32
	EndGlobalSection
	GlobalSection(SolutionProperties) = preSolution
		HideSolutionNode = FALSE
	EndGlobalSection
	GlobalSection(ExtensibilityGlobals) = postSolution
		SolutionGuid = {A5F94BC5-E372-4E46-BA65-2E4FE0B1EF1E}
	EndGlobalSection
EndGlobal
