
Microsoft Visual Studio Solution File, Format Version 12.00
# Visual Studio Version 17
VisualStudioVersion = 17.0.31825.309
MinimumVisualStudioVersion = 10.0.40219.1
Project("{8BC9CEB8-8B4A-11D0-8D11-00A0C91BC942}") = "asal sayi", "asal sayi\asal sayi.vcxproj", "{89070059-A999-4205-92FA-64C6FF721095}"
EndProject
Global
	GlobalSection(SolutionConfigurationPlatforms) = preSolution
		Debug|x64 = Debug|x64
		Debug|x86 = Debug|x86
		Release|x64 = Release|x64
		Release|x86 = Release|x86
	EndGlobalSection
	GlobalSection(ProjectConfigurationPlatforms) = postSolution
		{89070059-A999-4205-92FA-64C6FF721095}.Debug|x64.ActiveCfg = Debug|x64
		{89070059-A999-4205-92FA-64C6FF721095}.Debug|x64.Build.0 = Debug|x64
		{89070059-A999-4205-92FA-64C6FF721095}.Debug|x86.ActiveCfg = Debug|Win32
		{89070059-A999-4205-92FA-64C6FF721095}.Debug|x86.Build.0 = Debug|Win32
		{89070059-A999-4205-92FA-64C6FF721095}.Release|x64.ActiveCfg = Release|x64
		{89070059-A999-4205-92FA-64C6FF721095}.Release|x64.Build.0 = Release|x64
		{89070059-A999-4205-92FA-64C6FF721095}.Release|x86.ActiveCfg = Release|Win32
		{89070059-A999-4205-92FA-64C6FF721095}.Release|x86.Build.0 = Release|Win32
	EndGlobalSection
	GlobalSection(SolutionProperties) = preSolution
		HideSolutionNode = FALSE
	EndGlobalSection
	GlobalSection(ExtensibilityGlobals) = postSolution
		SolutionGuid = {B7031685-78D5-4797-97F2-72AC9151A8FE}
	EndGlobalSection
EndGlobal
