
Microsoft Visual Studio Solution File, Format Version 12.00
# Visual Studio Version 17
VisualStudioVersion = 17.0.31825.309
MinimumVisualStudioVersion = 10.0.40219.1
Project("{8BC9CEB8-8B4A-11D0-8D11-00A0C91BC942}") = "hesap makinesi", "hesap makinesi\hesap makinesi.vcxproj", "{187A4DC6-62DB-4620-9FAD-452B394F77DA}"
EndProject
Global
	GlobalSection(SolutionConfigurationPlatforms) = preSolution
		Debug|x64 = Debug|x64
		Debug|x86 = Debug|x86
		Release|x64 = Release|x64
		Release|x86 = Release|x86
	EndGlobalSection
	GlobalSection(ProjectConfigurationPlatforms) = postSolution
		{187A4DC6-62DB-4620-9FAD-452B394F77DA}.Debug|x64.ActiveCfg = Debug|x64
		{187A4DC6-62DB-4620-9FAD-452B394F77DA}.Debug|x64.Build.0 = Debug|x64
		{187A4DC6-62DB-4620-9FAD-452B394F77DA}.Debug|x86.ActiveCfg = Debug|Win32
		{187A4DC6-62DB-4620-9FAD-452B394F77DA}.Debug|x86.Build.0 = Debug|Win32
		{187A4DC6-62DB-4620-9FAD-452B394F77DA}.Release|x64.ActiveCfg = Release|x64
		{187A4DC6-62DB-4620-9FAD-452B394F77DA}.Release|x64.Build.0 = Release|x64
		{187A4DC6-62DB-4620-9FAD-452B394F77DA}.Release|x86.ActiveCfg = Release|Win32
		{187A4DC6-62DB-4620-9FAD-452B394F77DA}.Release|x86.Build.0 = Release|Win32
	EndGlobalSection
	GlobalSection(SolutionProperties) = preSolution
		HideSolutionNode = FALSE
	EndGlobalSection
	GlobalSection(ExtensibilityGlobals) = postSolution
		SolutionGuid = {37B691F1-CE67-4EE8-99D0-0C164F671595}
	EndGlobalSection
EndGlobal
