
Microsoft Visual Studio Solution File, Format Version 12.00
# Visual Studio Version 17
VisualStudioVersion = 17.0.31825.309
MinimumVisualStudioVersion = 10.0.40219.1
Project("{8BC9CEB8-8B4A-11D0-8D11-00A0C91BC942}") = "girilen kelimenin uzunlugunu bul", "girilen kelimenin uzunlugunu bul\girilen kelimenin uzunlugunu bul.vcxproj", "{73CCCFD3-00BE-4404-9364-92E4A57C06EC}"
EndProject
Global
	GlobalSection(SolutionConfigurationPlatforms) = preSolution
		Debug|x64 = Debug|x64
		Debug|x86 = Debug|x86
		Release|x64 = Release|x64
		Release|x86 = Release|x86
	EndGlobalSection
	GlobalSection(ProjectConfigurationPlatforms) = postSolution
		{73CCCFD3-00BE-4404-9364-92E4A57C06EC}.Debug|x64.ActiveCfg = Debug|x64
		{73CCCFD3-00BE-4404-9364-92E4A57C06EC}.Debug|x64.Build.0 = Debug|x64
		{73CCCFD3-00BE-4404-9364-92E4A57C06EC}.Debug|x86.ActiveCfg = Debug|Win32
		{73CCCFD3-00BE-4404-9364-92E4A57C06EC}.Debug|x86.Build.0 = Debug|Win32
		{73CCCFD3-00BE-4404-9364-92E4A57C06EC}.Release|x64.ActiveCfg = Release|x64
		{73CCCFD3-00BE-4404-9364-92E4A57C06EC}.Release|x64.Build.0 = Release|x64
		{73CCCFD3-00BE-4404-9364-92E4A57C06EC}.Release|x86.ActiveCfg = Release|Win32
		{73CCCFD3-00BE-4404-9364-92E4A57C06EC}.Release|x86.Build.0 = Release|Win32
	EndGlobalSection
	GlobalSection(SolutionProperties) = preSolution
		HideSolutionNode = FALSE
	EndGlobalSection
	GlobalSection(ExtensibilityGlobals) = postSolution
		SolutionGuid = {426907D3-92D7-4AC2-95D3-F41F989EE6F3}
	EndGlobalSection
EndGlobal
