
Microsoft Visual Studio Solution File, Format Version 12.00
# Visual Studio Version 17
VisualStudioVersion = 17.0.31825.309
MinimumVisualStudioVersion = 10.0.40219.1
Project("{8BC9CEB8-8B4A-11D0-8D11-00A0C91BC942}") = "adsoyad", "adsoyad\adsoyad.vcxproj", "{4070CCAF-4A38-4115-96A2-03DAC2D62CE5}"
EndProject
Global
	GlobalSection(SolutionConfigurationPlatforms) = preSolution
		Debug|x64 = Debug|x64
		Debug|x86 = Debug|x86
		Release|x64 = Release|x64
		Release|x86 = Release|x86
	EndGlobalSection
	GlobalSection(ProjectConfigurationPlatforms) = postSolution
		{4070CCAF-4A38-4115-96A2-03DAC2D62CE5}.Debug|x64.ActiveCfg = Debug|x64
		{4070CCAF-4A38-4115-96A2-03DAC2D62CE5}.Debug|x64.Build.0 = Debug|x64
		{4070CCAF-4A38-4115-96A2-03DAC2D62CE5}.Debug|x86.ActiveCfg = Debug|Win32
		{4070CCAF-4A38-4115-96A2-03DAC2D62CE5}.Debug|x86.Build.0 = Debug|Win32
		{4070CCAF-4A38-4115-96A2-03DAC2D62CE5}.Release|x64.ActiveCfg = Release|x64
		{4070CCAF-4A38-4115-96A2-03DAC2D62CE5}.Release|x64.Build.0 = Release|x64
		{4070CCAF-4A38-4115-96A2-03DAC2D62CE5}.Release|x86.ActiveCfg = Release|Win32
		{4070CCAF-4A38-4115-96A2-03DAC2D62CE5}.Release|x86.Build.0 = Release|Win32
	EndGlobalSection
	GlobalSection(SolutionProperties) = preSolution
		HideSolutionNode = FALSE
	EndGlobalSection
	GlobalSection(ExtensibilityGlobals) = postSolution
		SolutionGuid = {24683BA1-07AA-4A9F-9DFC-1D2959C38AD5}
	EndGlobalSection
EndGlobal
